
Microsoft Visual Studio Solution File, Format Version 12.00
# Visual Studio Version 17
VisualStudioVersion = 17.11.35312.102
MinimumVisualStudioVersion = 10.0.40219.1
Project("{FAE04EC0-301F-11D3-BF4B-00C04F79EFBC}") = "SingleResponsibilityPrinciple", "SingleResponsibilityPrinciple\SingleResponsibilityPrinciple.csproj", "{6B295163-FEB2-49E8-9250-0DE76C83274C}"
EndProject
Project("{FAE04EC0-301F-11D3-BF4B-00C04F79EFBC}") = "OpenClosedPrinciple", "OpenClosedPrinciple\OpenClosedPrinciple.csproj", "{9A7DE2F1-4E05-4CF3-92E6-279C8AE1BBF7}"
EndProject
Project("{FAE04EC0-301F-11D3-BF4B-00C04F79EFBC}") = "LiskovSubsitutionPrinciple", "LiskovSubsitutionPrinciple\LiskovSubsitutionPrinciple.csproj", "{76C4A39C-8E85-471A-BDB2-B067BD2A2094}"
EndProject
Project("{FAE04EC0-301F-11D3-BF4B-00C04F79EFBC}") = "InterfaceSegregationPrinciple", "InterfaceSegregationPrinciple\InterfaceSegregationPrinciple.csproj", "{E0695B29-D58A-490F-9F9D-64CB2EF27208}"
EndProject
Project("{FAE04EC0-301F-11D3-BF4B-00C04F79EFBC}") = "DependencyInversionPrinciple", "DependencyInversionPrinciple\DependencyInversionPrinciple.csproj", "{47AC71C1-1907-4598-A6DE-18D518421FFA}"
EndProject
Project("{2150E333-8FDC-42A3-9474-1A3956D46DE8}") = "Solution Items", "Solution Items", "{1530F81B-75BB-488B-BD9B-F292D715F025}"
	ProjectSection(SolutionItems) = preProject
		README.md = README.md
	EndProjectSection
EndProject
Global
	GlobalSection(SolutionConfigurationPlatforms) = preSolution
		Debug|Any CPU = Debug|Any CPU
		Release|Any CPU = Release|Any CPU
	EndGlobalSection
	GlobalSection(ProjectConfigurationPlatforms) = postSolution
		{6B295163-FEB2-49E8-9250-0DE76C83274C}.Debug|Any CPU.ActiveCfg = Debug|Any CPU
		{6B295163-FEB2-49E8-9250-0DE76C83274C}.Debug|Any CPU.Build.0 = Debug|Any CPU
		{6B295163-FEB2-49E8-9250-0DE76C83274C}.Release|Any CPU.ActiveCfg = Release|Any CPU
		{6B295163-FEB2-49E8-9250-0DE76C83274C}.Release|Any CPU.Build.0 = Release|Any CPU
		{9A7DE2F1-4E05-4CF3-92E6-279C8AE1BBF7}.Debug|Any CPU.ActiveCfg = Debug|Any CPU
		{9A7DE2F1-4E05-4CF3-92E6-279C8AE1BBF7}.Debug|Any CPU.Build.0 = Debug|Any CPU
		{9A7DE2F1-4E05-4CF3-92E6-279C8AE1BBF7}.Release|Any CPU.ActiveCfg = Release|Any CPU
		{9A7DE2F1-4E05-4CF3-92E6-279C8AE1BBF7}.Release|Any CPU.Build.0 = Release|Any CPU
		{76C4A39C-8E85-471A-BDB2-B067BD2A2094}.Debug|Any CPU.ActiveCfg = Debug|Any CPU
		{76C4A39C-8E85-471A-BDB2-B067BD2A2094}.Debug|Any CPU.Build.0 = Debug|Any CPU
		{76C4A39C-8E85-471A-BDB2-B067BD2A2094}.Release|Any CPU.ActiveCfg = Release|Any CPU
		{76C4A39C-8E85-471A-BDB2-B067BD2A2094}.Release|Any CPU.Build.0 = Release|Any CPU
		{E0695B29-D58A-490F-9F9D-64CB2EF27208}.Debug|Any CPU.ActiveCfg = Debug|Any CPU
		{E0695B29-D58A-490F-9F9D-64CB2EF27208}.Debug|Any CPU.Build.0 = Debug|Any CPU
		{E0695B29-D58A-490F-9F9D-64CB2EF27208}.Release|Any CPU.ActiveCfg = Release|Any CPU
		{E0695B29-D58A-490F-9F9D-64CB2EF27208}.Release|Any CPU.Build.0 = Release|Any CPU
		{47AC71C1-1907-4598-A6DE-18D518421FFA}.Debug|Any CPU.ActiveCfg = Debug|Any CPU
		{47AC71C1-1907-4598-A6DE-18D518421FFA}.Debug|Any CPU.Build.0 = Debug|Any CPU
		{47AC71C1-1907-4598-A6DE-18D518421FFA}.Release|Any CPU.ActiveCfg = Release|Any CPU
		{47AC71C1-1907-4598-A6DE-18D518421FFA}.Release|Any CPU.Build.0 = Release|Any CPU
	EndGlobalSection
	GlobalSection(SolutionProperties) = preSolution
		HideSolutionNode = FALSE
	EndGlobalSection
	GlobalSection(ExtensibilityGlobals) = postSolution
		SolutionGuid = {45204D46-65D2-4EB4-94DA-DE2341598963}
	EndGlobalSection
EndGlobal
